// !$*UTF8*$!
{
	archiveVersion = 1;
	classes = {
	};
	objectVersion = 46;
	objects = {

/* Begin PBXBuildFile section */
		758D1F2A1CE23F35006A0222 /* AppDelegate.swift in Sources */ = {isa = PBXBuildFile; fileRef = 758D1F291CE23F35006A0222 /* AppDelegate.swift */; };
		758D1F2F1CE23F35006A0222 /* Main.storyboard in Resources */ = {isa = PBXBuildFile; fileRef = 758D1F2D1CE23F35006A0222 /* Main.storyboard */; };
		758D1F311CE23F35006A0222 /* Assets.xcassets in Resources */ = {isa = PBXBuildFile; fileRef = 758D1F301CE23F35006A0222 /* Assets.xcassets */; };
		758D1F341CE23F35006A0222 /* LaunchScreen.storyboard in Resources */ = {isa = PBXBuildFile; fileRef = 758D1F321CE23F35006A0222 /* LaunchScreen.storyboard */; };
		758D1F3C1CE2412C006A0222 /* weekTableTableViewController.swift in Sources */ = {isa = PBXBuildFile; fileRef = 758D1F3B1CE2412C006A0222 /* weekTableTableViewController.swift */; };
		758D1F401CE25DBF006A0222 /* DayDetailViewController.swift in Sources */ = {isa = PBXBuildFile; fileRef = 758D1F3F1CE25DBF006A0222 /* DayDetailViewController.swift */; };
/* End PBXBuildFile section */

/* Begin PBXFileReference section */
		758D1F261CE23F35006A0222 /* TableViewGuidedProject.app */ = {isa = PBXFileReference; explicitFileType = wrapper.application; includeInIndex = 0; path = TableViewGuidedProject.app; sourceTree = BUILT_PRODUCTS_DIR; };
		758D1F291CE23F35006A0222 /* AppDelegate.swift */ = {isa = PBXFileReference; lastKnownFileType = sourcecode.swift; path = AppDelegate.swift; sourceTree = "<group>"; };
		758D1F2E1CE23F35006A0222 /* Base */ = {isa = PBXFileReference; lastKnownFileType = file.storyboard; name = Base; path = Base.lproj/Main.storyboard; sourceTree = "<group>"; };
		758D1F301CE23F35006A0222 /* Assets.xcassets */ = {isa = PBXFileReference; lastKnownFileType = folder.assetcatalog; path = Assets.xcassets; sourceTree = "<group>"; };
		758D1F331CE23F35006A0222 /* Base */ = {isa = PBXFileReference; lastKnownFileType = file.storyboard; name = Base; path = Base.lproj/LaunchScreen.storyboard; sourceTree = "<group>"; };
		758D1F351CE23F35006A0222 /* Info.plist */ = {isa = PBXFileReference; lastKnownFileType = text.plist.xml; path = Info.plist; sourceTree = "<group>"; };
		758D1F3B1CE2412C006A0222 /* weekTableTableViewController.swift */ = {isa = PBXFileReference; fileEncoding = 4; lastKnownFileType = sourcecode.swift; name = weekTableTableViewController.swift; path = ../weekTableTableViewController.swift; sourceTree = "<group>"; };
		758D1F3F1CE25DBF006A0222 /* DayDetailViewController.swift */ = {isa = PBXFileReference; fileEncoding = 4; lastKnownFileType = sourcecode.swift; name = DayDetailViewController.swift; path = ../DayDetailViewController.swift; sourceTree = "<group>"; };
/* End PBXFileReference section */

/* Begin PBXFrameworksBuildPhase section */
		758D1F231CE23F35006A0222 /* Frameworks */ = {
			isa = PBXFrameworksBuildPhase;
			buildActionMask = 2147483647;
			files = (
			);
			runOnlyForDeploymentPostprocessing = 0;
		};
/* End PBXFrameworksBuildPhase section */

/* Begin PBXGroup section */
		758D1F1D1CE23F35006A0222 = {
			isa = PBXGroup;
			children = (
				758D1F281CE23F35006A0222 /* TableViewGuidedProject */,
				758D1F271CE23F35006A0222 /* Products */,
			);
			sourceTree = "<group>";
		};
		758D1F271CE23F35006A0222 /* Products */ = {
			isa = PBXGroup;
			children = (
				758D1F261CE23F35006A0222 /* TableViewGuidedProject.app */,
			);
			name = Products;
			sourceTree = "<group>";
		};
		758D1F281CE23F35006A0222 /* TableViewGuidedProject */ = {
			isa = PBXGroup;
			children = (
				758D1F3F1CE25DBF006A0222 /* DayDetailViewController.swift */,
				758D1F291CE23F35006A0222 /* AppDelegate.swift */,
				758D1F3B1CE2412C006A0222 /* weekTableTableViewController.swift */,
				758D1F2D1CE23F35006A0222 /* Main.storyboard */,
				758D1F301CE23F35006A0222 /* Assets.xcassets */,
				758D1F321CE23F35006A0222 /* LaunchScreen.storyboard */,
				758D1F351CE23F35006A0222 /* Info.plist */,
			);
			path = TableViewGuidedProject;
			sourceTree = "<group>";
		};
/* End PBXGroup section */

/* Begin PBXNativeTarget section */
		758D1F251CE23F35006A0222 /* TableViewGuidedProject */ = {
			isa = PBXNativeTarget;
			buildConfigurationList = 758D1F381CE23F35006A0222 /* Build configuration list for PBXNativeTarget "TableViewGuidedProject" */;
			buildPhases = (
				758D1F221CE23F35006A0222 /* Sources */,
				758D1F231CE23F35006A0222 /* Frameworks */,
				758D1F241CE23F35006A0222 /* Resources */,
			);
			buildRules = (
			);
			dependencies = (
			);
			name = TableViewGuidedProject;
			productName = TableViewGuidedProject;
			productReference = 758D1F261CE23F35006A0222 /* TableViewGuidedProject.app */;
			productType = "com.apple.product-type.application";
		};
/* End PBXNativeTarget section */

/* Begin PBXProject section */
		758D1F1E1CE23F35006A0222 /* Project object */ = {
			isa = PBXProject;
			attributes = {
				LastSwiftUpdateCheck = 0730;
				LastUpgradeCheck = 0730;
				ORGANIZATIONNAME = "Karl Pfister";
				TargetAttributes = {
					758D1F251CE23F35006A0222 = {
						CreatedOnToolsVersion = 7.3.1;
					};
				};
			};
			buildConfigurationList = 758D1F211CE23F35006A0222 /* Build configuration list for PBXProject "TableViewGuidedProject" */;
			compatibilityVersion = "Xcode 3.2";
			developmentRegion = English;
			hasScannedForEncodings = 0;
			knownRegions = (
				en,
				Base,
			);
			mainGroup = 758D1F1D1CE23F35006A0222;
			productRefGroup = 758D1F271CE23F35006A0222 /* Products */;
			projectDirPath = "";
			projectRoot = "";
			targets = (
				758D1F251CE23F35006A0222 /* TableViewGuidedProject */,
			);
		};
/* End PBXProject section */

/* Begin PBXResourcesBuildPhase section */
		758D1F241CE23F35006A0222 /* Resources */ = {
			isa = PBXResourcesBuildPhase;
			buildActionMask = 2147483647;
			files = (
				758D1F341CE23F35006A0222 /* LaunchScreen.storyboard in Resources */,
				758D1F311CE23F35006A0222 /* Assets.xcassets in Resources */,
				758D1F2F1CE23F35006A0222 /* Main.storyboard in Resources */,
			);
			runOnlyForDeploymentPostprocessing = 0;
		};
/* End PBXResourcesBuildPhase section */

/* Begin PBXSourcesBuildPhase section */
		758D1F221CE23F35006A0222 /* Sources */ = {
			isa = PBXSourcesBuildPhase;
			buildActionMask = 2147483647;
			files = (
				758D1F401CE25DBF006A0222 /* DayDetailViewController.swift in Sources */,
				758D1F3C1CE2412C006A0222 /* weekTableTableViewController.swift in Sources */,
				758D1F2A1CE23F35006A0222 /* AppDelegate.swift in Sources */,
			);
			runOnlyForDeploymentPostprocessing = 0;
		};
/* End PBXSourcesBuildPhase section */

/* Begin PBXVariantGroup section */
		758D1F2D1CE23F35006A0222 /* Main.storyboard */ = {
			isa = PBXVariantGroup;
			children = (
				758D1F2E1CE23F35006A0222 /* Base */,
			);
			name = Main.storyboard;
			sourceTree = "<group>";
		};
		758D1F321CE23F35006A0222 /* LaunchScreen.storyboard */ = {
			isa = PBXVariantGroup;
			children = (
				758D1F331CE23F35006A0222 /* Base */,
			);
			name = LaunchScreen.storyboard;
			sourceTree = "<group>";
		};
/* End PBXVariantGroup section */

/* Begin XCBuildConfiguration section */
		758D1F361CE23F35006A0222 /* Debug */ = {
			isa = XCBuildConfiguration;
			buildSettings = {
				ALWAYS_SEARCH_USER_PATHS = NO;
				CLANG_ANALYZER_NONNULL = YES;
				CLANG_CXX_LANGUAGE_STANDARD = "gnu++0x";
				CLANG_CXX_LIBRARY = "libc++";
				CLANG_ENABLE_MODULES = YES;
				CLANG_ENABLE_OBJC_ARC = YES;
				CLANG_WARN_BOOL_CONVERSION = YES;
				CLANG_WARN_CONSTANT_CONVERSION = YES;
				CLANG_WARN_DIRECT_OBJC_ISA_USAGE = YES_ERROR;
				CLANG_WARN_EMPTY_BODY = YES;
				CLANG_WARN_ENUM_CONVERSION = YES;
				CLANG_WARN_INT_CONVERSION = YES;
				CLANG_WARN_OBJC_ROOT_CLASS = YES_ERROR;
				CLANG_WARN_UNREACHABLE_CODE = YES;
				CLANG_WARN__DUPLICATE_METHOD_MATCH = YES;
				"CODE_SIGN_IDENTITY[sdk=iphoneos*]" = "iPhone Developer";
				COPY_PHASE_STRIP = NO;
				DEBUG_INFORMATION_FORMAT = dwarf;
				ENABLE_STRICT_OBJC_MSGSEND = YES;
				ENABLE_TESTABILITY = YES;
				GCC_C_LANGUAGE_STANDARD = gnu99;
				GCC_DYNAMIC_NO_PIC = NO;
				GCC_NO_COMMON_BLOCKS = YES;
				GCC_OPTIMIZATION_LEVEL = 0;
				GCC_PREPROCESSOR_DEFINITIONS = (
					"DEBUG=1",
					"$(inherited)",
				);
				GCC_WARN_64_TO_32_BIT_CONVERSION = YES;
				GCC_WARN_ABOUT_RETURN_TYPE = YES_ERROR;
				GCC_WARN_UNDECLARED_SELECTOR = YES;
				GCC_WARN_UNINITIALIZED_AUTOS = YES_AGGRESSIVE;
				GCC_WARN_UNUSED_FUNCTION = YES;
				GCC_WARN_UNUSED_VARIABLE = YES;
				IPHONEOS_DEPLOYMENT_TARGET = 9.3;
				MTL_ENABLE_DEBUG_INFO = YES;
				ONLY_ACTIVE_ARCH = YES;
				SDKROOT = iphoneos;
				SWIFT_OPTIMIZATION_LEVEL = "-Onone";
			};
			name = Debug;
		};
		758D1F371CE23F35006A0222 /* Release */ = {
			isa = XCBuildConfiguration;
			buildSettings = {
				ALWAYS_SEARCH_USER_PATHS = NO;
				CLANG_ANALYZER_NONNULL = YES;
				CLANG_CXX_LANGUAGE_STANDARD = "gnu++0x";
				CLANG_CXX_LIBRARY = "libc++";
				CLANG_ENABLE_MODULES = YES;
				CLANG_ENABLE_OBJC_ARC = YES;
				CLANG_WARN_BOOL_CONVERSION = YES;
				CLANG_WARN_CONSTANT_CONVERSION = YES;
				CLANG_WARN_DIRECT_OBJC_ISA_USAGE = YES_ERROR;
				CLANG_WARN_EMPTY_BODY = YES;
				CLANG_WARN_ENUM_CONVERSION = YES;
				CLANG_WARN_INT_CONVERSION = YES;
				CLANG_WARN_OBJC_ROOT_CLASS = YES_ERROR;
				CLANG_WARN_UNREACHABLE_CODE = YES;
				CLANG_WARN__DUPLICATE_METHOD_MATCH = YES;
				"CODE_SIGN_IDENTITY[sdk=iphoneos*]" = "iPhone Developer";
				COPY_PHASE_STRIP = NO;
				DEBUG_INFORMATION_FORMAT = "dwarf-with-dsym";
				ENABLE_NS_ASSERTIONS = NO;
				ENABLE_STRICT_OBJC_MSGSEND = YES;
				GCC_C_LANGUAGE_STANDARD = gnu99;
				GCC_NO_COMMON_BLOCKS = YES;
				GCC_WARN_64_TO_32_BIT_CONVERSION = YES;
				GCC_WARN_ABOUT_RETURN_TYPE = YES_ERROR;
				GCC_WARN_UNDECLARED_SELECTOR = YES;
				GCC_WARN_UNINITIALIZED_AUTOS = YES_AGGRESSIVE;
				GCC_WARN_UNUSED_FUNCTION = YES;
				GCC_WARN_UNUSED_VARIABLE = YES;
				IPHONEOS_DEPLOYMENT_TARGET = 9.3;
				MTL_ENABLE_DEBUG_INFO = NO;
				SDKROOT = iphoneos;
				VALIDATE_PRODUCT = YES;
			};
			name = Release;
		};
		758D1F391CE23F35006A0222 /* Debug */ = {
			isa = XCBuildConfiguration;
			buildSettings = {
				ASSETCATALOG_COMPILER_APPICON_NAME = AppIcon;
				INFOPLIST_FILE = TableViewGuidedProject/Info.plist;
				LD_RUNPATH_SEARCH_PATHS = "$(inherited) @executable_path/Frameworks";
				PRODUCT_BUNDLE_IDENTIFIER = com.example..TableViewGuidedProject;
				PRODUCT_NAME = "$(TARGET_NAME)";
			};
			name = Debug;
		};
		758D1F3A1CE23F35006A0222 /* Release */ = {
			isa = XCBuildConfiguration;
			buildSettings = {
				ASSETCATALOG_COMPILER_APPICON_NAME = AppIcon;
				INFOPLIST_FILE = TableViewGuidedProject/Info.plist;
				LD_RUNPATH_SEARCH_PATHS = "$(inherited) @executable_path/Frameworks";
				PRODUCT_BUNDLE_IDENTIFIER = com.example..TableViewGuidedProject;
				PRODUCT_NAME = "$(TARGET_NAME)";
			};
			name = Release;
		};
/* End XCBuildConfiguration section */

/* Begin XCConfigurationList section */
		758D1F211CE23F35006A0222 /* Build configuration list for PBXProject "TableViewGuidedProject" */ = {
			isa = XCConfigurationList;
			buildConfigurations = (
				758D1F361CE23F35006A0222 /* Debug */,
				758D1F371CE23F35006A0222 /* Release */,
			);
			defaultConfigurationIsVisible = 0;
			defaultConfigurationName = Release;
		};
		758D1F381CE23F35006A0222 /* Build configuration list for PBXNativeTarget "TableViewGuidedProject" */ = {
			isa = XCConfigurationList;
			buildConfigurations = (
				758D1F391CE23F35006A0222 /* Debug */,
				758D1F3A1CE23F35006A0222 /* Release */,
			);
			defaultConfigurationIsVisible = 0;
			defaultConfigurationName = Release;
		};
/* End XCConfigurationList section */
	};
	rootObject = 758D1F1E1CE23F35006A0222 /* Project object */;
}
